{
  "name": "leeui",
  "version": "1.0.0",
  "lockfileVersion": 1,
  "requires": true,
  "dependencies": {
    "graphicsmagick": {
      "version": "0.0.1",
      "resolved": "https://registry.npmjs.org/graphicsmagick/-/graphicsmagick-0.0.1.tgz",
      "integrity": "sha1-CvlYeBkNy9ECjkbBNSb1KEJFvyk="
    }
  }
}
